
Microsoft Visual Studio Solution File, Format Version 12.00
# Visual Studio Version 17
VisualStudioVersion = 17.8.34525.116
MinimumVisualStudioVersion = 10.0.40219.1
Project("{9A19103F-16F7-4668-BE54-9A1E7A4F7556}") = "Elasticsearch.API", "Elasticsearch.API\Elasticsearch.API.csproj", "{3009AF93-398C-4D2F-896F-5815D20BA8FE}"
EndProject
Project("{FAE04EC0-301F-11D3-BF4B-00C04F79EFBC}") = "Elasticsearch.WEB", "Elasticsearch.WEB\Elasticsearch.WEB.csproj", "{9BCAE821-B572-41D5-98E0-9B595A24D8FF}"
EndProject
Global
	GlobalSection(SolutionConfigurationPlatforms) = preSolution
		Debug|Any CPU = Debug|Any CPU
		Release|Any CPU = Release|Any CPU
	EndGlobalSection
	GlobalSection(ProjectConfigurationPlatforms) = postSolution
		{3009AF93-398C-4D2F-896F-5815D20BA8FE}.Debug|Any CPU.ActiveCfg = Debug|Any CPU
		{3009AF93-398C-4D2F-896F-5815D20BA8FE}.Debug|Any CPU.Build.0 = Debug|Any CPU
		{3009AF93-398C-4D2F-896F-5815D20BA8FE}.Release|Any CPU.ActiveCfg = Release|Any CPU
		{3009AF93-398C-4D2F-896F-5815D20BA8FE}.Release|Any CPU.Build.0 = Release|Any CPU
		{9BCAE821-B572-41D5-98E0-9B595A24D8FF}.Debug|Any CPU.ActiveCfg = Debug|Any CPU
		{9BCAE821-B572-41D5-98E0-9B595A24D8FF}.Debug|Any CPU.Build.0 = Debug|Any CPU
		{9BCAE821-B572-41D5-98E0-9B595A24D8FF}.Release|Any CPU.ActiveCfg = Release|Any CPU
		{9BCAE821-B572-41D5-98E0-9B595A24D8FF}.Release|Any CPU.Build.0 = Release|Any CPU
	EndGlobalSection
	GlobalSection(SolutionProperties) = preSolution
		HideSolutionNode = FALSE
	EndGlobalSection
	GlobalSection(ExtensibilityGlobals) = postSolution
		SolutionGuid = {14B549D9-BF0C-4EAA-A9A6-611FD419BC7D}
	EndGlobalSection
EndGlobal
